Microsoft Visual Studio Solution File, Format Version 12.00
# Visual Studio 15
VisualStudioVersion = 15.0.26124.0
MinimumVisualStudioVersion = 15.0.26124.0
Project("{FAE04EC0-301F-11D3-BF4B-00C04F79EFBC}") = "Hallstatt", "Hallstatt\Hallstatt.csproj", "{9A9CF11F-8AEB-4288-9E26-F7CC098DF8AE}"
EndProject
Project("{FAE04EC0-301F-11D3-BF4B-00C04F79EFBC}") = "Hallstatt.Tests", "Hallstatt.Tests\Hallstatt.Tests.csproj", "{B9EA2C9D-EAB3-4CE3-B37F-6A74B8D1B8D7}"
EndProject
Project("{2150E333-8FDC-42A3-9474-1A3956D46DE8}") = "Misc", "Misc", "{2D816281-2819-4BD0-8556-1B310D2ADE80}"
ProjectSection(SolutionItems) = preProject
	Directory.Build.props = Directory.Build.props
	Changelog.md = Changelog.md
	License.txt = License.txt
	Readme.md = Readme.md
EndProjectSection
EndProject
Project("{FAE04EC0-301F-11D3-BF4B-00C04F79EFBC}") = "Hallstatt.TestAdapter", "Hallstatt.TestAdapter\Hallstatt.TestAdapter.csproj", "{5F03249E-BE30-4726-BBA2-9639E6FAA7B8}"
EndProject
Project("{FAE04EC0-301F-11D3-BF4B-00C04F79EFBC}") = "Hallstatt.Demo", "Hallstatt.Demo\Hallstatt.Demo.csproj", "{437C54D5-B25A-46B0-875D-84FD04A9AD8C}"
EndProject
Global
	GlobalSection(SolutionConfigurationPlatforms) = preSolution
		Debug|Any CPU = Debug|Any CPU
		Debug|x64 = Debug|x64
		Debug|x86 = Debug|x86
		Release|Any CPU = Release|Any CPU
		Release|x64 = Release|x64
		Release|x86 = Release|x86
	EndGlobalSection
	GlobalSection(SolutionProperties) = preSolution
		HideSolutionNode = FALSE
	EndGlobalSection
	GlobalSection(ProjectConfigurationPlatforms) = postSolution
		{9A9CF11F-8AEB-4288-9E26-F7CC098DF8AE}.Debug|Any CPU.ActiveCfg = Debug|Any CPU
		{9A9CF11F-8AEB-4288-9E26-F7CC098DF8AE}.Debug|Any CPU.Build.0 = Debug|Any CPU
		{9A9CF11F-8AEB-4288-9E26-F7CC098DF8AE}.Debug|x64.ActiveCfg = Debug|Any CPU
		{9A9CF11F-8AEB-4288-9E26-F7CC098DF8AE}.Debug|x64.Build.0 = Debug|Any CPU
		{9A9CF11F-8AEB-4288-9E26-F7CC098DF8AE}.Debug|x86.ActiveCfg = Debug|Any CPU
		{9A9CF11F-8AEB-4288-9E26-F7CC098DF8AE}.Debug|x86.Build.0 = Debug|Any CPU
		{9A9CF11F-8AEB-4288-9E26-F7CC098DF8AE}.Release|Any CPU.ActiveCfg = Release|Any CPU
		{9A9CF11F-8AEB-4288-9E26-F7CC098DF8AE}.Release|Any CPU.Build.0 = Release|Any CPU
		{9A9CF11F-8AEB-4288-9E26-F7CC098DF8AE}.Release|x64.ActiveCfg = Release|Any CPU
		{9A9CF11F-8AEB-4288-9E26-F7CC098DF8AE}.Release|x64.Build.0 = Release|Any CPU
		{9A9CF11F-8AEB-4288-9E26-F7CC098DF8AE}.Release|x86.ActiveCfg = Release|Any CPU
		{9A9CF11F-8AEB-4288-9E26-F7CC098DF8AE}.Release|x86.Build.0 = Release|Any CPU
		{B9EA2C9D-EAB3-4CE3-B37F-6A74B8D1B8D7}.Debug|Any CPU.ActiveCfg = Debug|Any CPU
		{B9EA2C9D-EAB3-4CE3-B37F-6A74B8D1B8D7}.Debug|Any CPU.Build.0 = Debug|Any CPU
		{B9EA2C9D-EAB3-4CE3-B37F-6A74B8D1B8D7}.Debug|x64.ActiveCfg = Debug|Any CPU
		{B9EA2C9D-EAB3-4CE3-B37F-6A74B8D1B8D7}.Debug|x64.Build.0 = Debug|Any CPU
		{B9EA2C9D-EAB3-4CE3-B37F-6A74B8D1B8D7}.Debug|x86.ActiveCfg = Debug|Any CPU
		{B9EA2C9D-EAB3-4CE3-B37F-6A74B8D1B8D7}.Debug|x86.Build.0 = Debug|Any CPU
		{B9EA2C9D-EAB3-4CE3-B37F-6A74B8D1B8D7}.Release|Any CPU.ActiveCfg = Release|Any CPU
		{B9EA2C9D-EAB3-4CE3-B37F-6A74B8D1B8D7}.Release|Any CPU.Build.0 = Release|Any CPU
		{B9EA2C9D-EAB3-4CE3-B37F-6A74B8D1B8D7}.Release|x64.ActiveCfg = Release|Any CPU
		{B9EA2C9D-EAB3-4CE3-B37F-6A74B8D1B8D7}.Release|x64.Build.0 = Release|Any CPU
		{B9EA2C9D-EAB3-4CE3-B37F-6A74B8D1B8D7}.Release|x86.ActiveCfg = Release|Any CPU
		{B9EA2C9D-EAB3-4CE3-B37F-6A74B8D1B8D7}.Release|x86.Build.0 = Release|Any CPU
		{5F03249E-BE30-4726-BBA2-9639E6FAA7B8}.Debug|Any CPU.ActiveCfg = Debug|Any CPU
		{5F03249E-BE30-4726-BBA2-9639E6FAA7B8}.Debug|Any CPU.Build.0 = Debug|Any CPU
		{5F03249E-BE30-4726-BBA2-9639E6FAA7B8}.Debug|x64.ActiveCfg = Debug|Any CPU
		{5F03249E-BE30-4726-BBA2-9639E6FAA7B8}.Debug|x64.Build.0 = Debug|Any CPU
		{5F03249E-BE30-4726-BBA2-9639E6FAA7B8}.Debug|x86.ActiveCfg = Debug|Any CPU
		{5F03249E-BE30-4726-BBA2-9639E6FAA7B8}.Debug|x86.Build.0 = Debug|Any CPU
		{5F03249E-BE30-4726-BBA2-9639E6FAA7B8}.Release|Any CPU.ActiveCfg = Release|Any CPU
		{5F03249E-BE30-4726-BBA2-9639E6FAA7B8}.Release|Any CPU.Build.0 = Release|Any CPU
		{5F03249E-BE30-4726-BBA2-9639E6FAA7B8}.Release|x64.ActiveCfg = Release|Any CPU
		{5F03249E-BE30-4726-BBA2-9639E6FAA7B8}.Release|x64.Build.0 = Release|Any CPU
		{5F03249E-BE30-4726-BBA2-9639E6FAA7B8}.Release|x86.ActiveCfg = Release|Any CPU
		{5F03249E-BE30-4726-BBA2-9639E6FAA7B8}.Release|x86.Build.0 = Release|Any CPU
		{437C54D5-B25A-46B0-875D-84FD04A9AD8C}.Debug|Any CPU.ActiveCfg = Debug|Any CPU
		{437C54D5-B25A-46B0-875D-84FD04A9AD8C}.Debug|Any CPU.Build.0 = Debug|Any CPU
		{437C54D5-B25A-46B0-875D-84FD04A9AD8C}.Debug|x64.ActiveCfg = Debug|Any CPU
		{437C54D5-B25A-46B0-875D-84FD04A9AD8C}.Debug|x64.Build.0 = Debug|Any CPU
		{437C54D5-B25A-46B0-875D-84FD04A9AD8C}.Debug|x86.ActiveCfg = Debug|Any CPU
		{437C54D5-B25A-46B0-875D-84FD04A9AD8C}.Debug|x86.Build.0 = Debug|Any CPU
		{437C54D5-B25A-46B0-875D-84FD04A9AD8C}.Release|Any CPU.ActiveCfg = Release|Any CPU
		{437C54D5-B25A-46B0-875D-84FD04A9AD8C}.Release|Any CPU.Build.0 = Release|Any CPU
		{437C54D5-B25A-46B0-875D-84FD04A9AD8C}.Release|x64.ActiveCfg = Release|Any CPU
		{437C54D5-B25A-46B0-875D-84FD04A9AD8C}.Release|x64.Build.0 = Release|Any CPU
		{437C54D5-B25A-46B0-875D-84FD04A9AD8C}.Release|x86.ActiveCfg = Release|Any CPU
		{437C54D5-B25A-46B0-875D-84FD04A9AD8C}.Release|x86.Build.0 = Release|Any CPU
	EndGlobalSection
EndGlobal
